
Microsoft Visual Studio Solution File, Format Version 12.00
# Visual Studio Version 17
VisualStudioVersion = 17.6.33815.320
MinimumVisualStudioVersion = 10.0.40219.1
Project("{FAE04EC0-301F-11D3-BF4B-00C04F79EFBC}") = "jokesProject", "jokesProject\jokesProject.csproj", "{EA67FA21-D9DB-471C-9B4D-A3BB9DD4158A}"
EndProject
Global
	GlobalSection(SolutionConfigurationPlatforms) = preSolution
		Debug|Any CPU = Debug|Any CPU
		Release|Any CPU = Release|Any CPU
	EndGlobalSection
	GlobalSection(ProjectConfigurationPlatforms) = postSolution
		{EA67FA21-D9DB-471C-9B4D-A3BB9DD4158A}.Debug|Any CPU.ActiveCfg = Debug|Any CPU
		{EA67FA21-D9DB-471C-9B4D-A3BB9DD4158A}.Debug|Any CPU.Build.0 = Debug|Any CPU
		{EA67FA21-D9DB-471C-9B4D-A3BB9DD4158A}.Release|Any CPU.ActiveCfg = Release|Any CPU
		{EA67FA21-D9DB-471C-9B4D-A3BB9DD4158A}.Release|Any CPU.Build.0 = Release|Any CPU
	EndGlobalSection
	GlobalSection(SolutionProperties) = preSolution
		HideSolutionNode = FALSE
	EndGlobalSection
	GlobalSection(ExtensibilityGlobals) = postSolution
		SolutionGuid = {76E8B799-D459-437C-BEAD-184ADCF8671B}
	EndGlobalSection
EndGlobal
